
Microsoft Visual Studio Solution File, Format Version 12.00
# Visual Studio Version 17
VisualStudioVersion = 17.12.35527.113
MinimumVisualStudioVersion = 10.0.40219.1
Project("{FAE04EC0-301F-11D3-BF4B-00C04F79EFBC}") = "Api", "Api\Api.csproj", "{03F133BB-F8CD-4787-9049-DA865623D560}"
	ProjectSection(ProjectDependencies) = postProject
		{C6E83884-85DE-4072-A9D5-90092343C364} = {C6E83884-85DE-4072-A9D5-90092343C364}
	EndProjectSection
EndProject
Project("{FAE04EC0-301F-11D3-BF4B-00C04F79EFBC}") = "Application", "Application\Application.csproj", "{C6E83884-85DE-4072-A9D5-90092343C364}"
	ProjectSection(ProjectDependencies) = postProject
		{600BF353-443B-4E1C-B262-8369335E6881} = {600BF353-443B-4E1C-B262-8369335E6881}
	EndProjectSection
EndProject
Project("{FAE04EC0-301F-11D3-BF4B-00C04F79EFBC}") = "Domain", "Domain\Domain.csproj", "{600BF353-443B-4E1C-B262-8369335E6881}"
EndProject
Project("{FAE04EC0-301F-11D3-BF4B-00C04F79EFBC}") = "Infrastructure", "Infrastructure\Infrastructure.csproj", "{EDF2A8A7-7019-4640-8F7F-32AD3F32C806}"
	ProjectSection(ProjectDependencies) = postProject
		{600BF353-443B-4E1C-B262-8369335E6881} = {600BF353-443B-4E1C-B262-8369335E6881}
	EndProjectSection
EndProject
Global
	GlobalSection(SolutionConfigurationPlatforms) = preSolution
		Debug|Any CPU = Debug|Any CPU
		Release|Any CPU = Release|Any CPU
	EndGlobalSection
	GlobalSection(ProjectConfigurationPlatforms) = postSolution
		{03F133BB-F8CD-4787-9049-DA865623D560}.Debug|Any CPU.ActiveCfg = Debug|Any CPU
		{03F133BB-F8CD-4787-9049-DA865623D560}.Debug|Any CPU.Build.0 = Debug|Any CPU
		{03F133BB-F8CD-4787-9049-DA865623D560}.Release|Any CPU.ActiveCfg = Release|Any CPU
		{03F133BB-F8CD-4787-9049-DA865623D560}.Release|Any CPU.Build.0 = Release|Any CPU
		{C6E83884-85DE-4072-A9D5-90092343C364}.Debug|Any CPU.ActiveCfg = Debug|Any CPU
		{C6E83884-85DE-4072-A9D5-90092343C364}.Debug|Any CPU.Build.0 = Debug|Any CPU
		{C6E83884-85DE-4072-A9D5-90092343C364}.Release|Any CPU.ActiveCfg = Release|Any CPU
		{C6E83884-85DE-4072-A9D5-90092343C364}.Release|Any CPU.Build.0 = Release|Any CPU
		{600BF353-443B-4E1C-B262-8369335E6881}.Debug|Any CPU.ActiveCfg = Debug|Any CPU
		{600BF353-443B-4E1C-B262-8369335E6881}.Debug|Any CPU.Build.0 = Debug|Any CPU
		{600BF353-443B-4E1C-B262-8369335E6881}.Release|Any CPU.ActiveCfg = Release|Any CPU
		{600BF353-443B-4E1C-B262-8369335E6881}.Release|Any CPU.Build.0 = Release|Any CPU
		{EDF2A8A7-7019-4640-8F7F-32AD3F32C806}.Debug|Any CPU.ActiveCfg = Debug|Any CPU
		{EDF2A8A7-7019-4640-8F7F-32AD3F32C806}.Debug|Any CPU.Build.0 = Debug|Any CPU
		{EDF2A8A7-7019-4640-8F7F-32AD3F32C806}.Release|Any CPU.ActiveCfg = Release|Any CPU
		{EDF2A8A7-7019-4640-8F7F-32AD3F32C806}.Release|Any CPU.Build.0 = Release|Any CPU
	EndGlobalSection
	GlobalSection(SolutionProperties) = preSolution
		HideSolutionNode = FALSE
	EndGlobalSection
EndGlobal
